
Microsoft Visual Studio Solution File, Format Version 12.00
# Visual Studio Version 16
VisualStudioVersion = 16.0.32510.428
MinimumVisualStudioVersion = 10.0.40219.1
Project("{FAE04EC0-301F-11D3-BF4B-00C04F79EFBC}") = "Array Multiplication", "Array Multiplication\Array Multiplication.csproj", "{274E7412-EA04-4D43-9CE5-6939B64F9E12}"
EndProject
Global
	GlobalSection(SolutionConfigurationPlatforms) = preSolution
		Debug|Any CPU = Debug|Any CPU
		Release|Any CPU = Release|Any CPU
	EndGlobalSection
	GlobalSection(ProjectConfigurationPlatforms) = postSolution
		{274E7412-EA04-4D43-9CE5-6939B64F9E12}.Debug|Any CPU.ActiveCfg = Debug|Any CPU
		{274E7412-EA04-4D43-9CE5-6939B64F9E12}.Debug|Any CPU.Build.0 = Debug|Any CPU
		{274E7412-EA04-4D43-9CE5-6939B64F9E12}.Release|Any CPU.ActiveCfg = Release|Any CPU
		{274E7412-EA04-4D43-9CE5-6939B64F9E12}.Release|Any CPU.Build.0 = Release|Any CPU
	EndGlobalSection
	GlobalSection(SolutionProperties) = preSolution
		HideSolutionNode = FALSE
	EndGlobalSection
	GlobalSection(ExtensibilityGlobals) = postSolution
		SolutionGuid = {BE47DCA3-0FFD-4F1E-997E-BBB954040BD9}
	EndGlobalSection
EndGlobal
