
Microsoft Visual Studio Solution File, Format Version 12.00
# Visual Studio Version 16
VisualStudioVersion = 16.0.32510.428
MinimumVisualStudioVersion = 10.0.40219.1
Project("{FAE04EC0-301F-11D3-BF4B-00C04F79EFBC}") = "Palindrome", "Palindrome\Palindrome.csproj", "{DCEBA4DE-A4FE-4EED-AC7D-0870E4D77F16}"
EndProject
Global
	GlobalSection(SolutionConfigurationPlatforms) = preSolution
		Debug|Any CPU = Debug|Any CPU
		Release|Any CPU = Release|Any CPU
	EndGlobalSection
	GlobalSection(ProjectConfigurationPlatforms) = postSolution
		{DCEBA4DE-A4FE-4EED-AC7D-0870E4D77F16}.Debug|Any CPU.ActiveCfg = Debug|Any CPU
		{DCEBA4DE-A4FE-4EED-AC7D-0870E4D77F16}.Debug|Any CPU.Build.0 = Debug|Any CPU
		{DCEBA4DE-A4FE-4EED-AC7D-0870E4D77F16}.Release|Any CPU.ActiveCfg = Release|Any CPU
		{DCEBA4DE-A4FE-4EED-AC7D-0870E4D77F16}.Release|Any CPU.Build.0 = Release|Any CPU
	EndGlobalSection
	GlobalSection(SolutionProperties) = preSolution
		HideSolutionNode = FALSE
	EndGlobalSection
	GlobalSection(ExtensibilityGlobals) = postSolution
		SolutionGuid = {7AE379C7-24E8-46B4-90D9-5C856C34D3A7}
	EndGlobalSection
EndGlobal
