
Microsoft Visual Studio Solution File, Format Version 12.00
# Visual Studio Version 16
VisualStudioVersion = 16.0.32510.428
MinimumVisualStudioVersion = 10.0.40219.1
Project("{FAE04EC0-301F-11D3-BF4B-00C04F79EFBC}") = "WebApplication2", "WebApplication2\WebApplication2.csproj", "{14912135-2B06-408D-A502-7FFF95EE3830}"
EndProject
Global
	GlobalSection(SolutionConfigurationPlatforms) = preSolution
		Debug|Any CPU = Debug|Any CPU
		Release|Any CPU = Release|Any CPU
	EndGlobalSection
	GlobalSection(ProjectConfigurationPlatforms) = postSolution
		{14912135-2B06-408D-A502-7FFF95EE3830}.Debug|Any CPU.ActiveCfg = Debug|Any CPU
		{14912135-2B06-408D-A502-7FFF95EE3830}.Debug|Any CPU.Build.0 = Debug|Any CPU
		{14912135-2B06-408D-A502-7FFF95EE3830}.Release|Any CPU.ActiveCfg = Release|Any CPU
		{14912135-2B06-408D-A502-7FFF95EE3830}.Release|Any CPU.Build.0 = Release|Any CPU
	EndGlobalSection
	GlobalSection(SolutionProperties) = preSolution
		HideSolutionNode = FALSE
	EndGlobalSection
	GlobalSection(ExtensibilityGlobals) = postSolution
		SolutionGuid = {97444C71-9E07-417C-BA03-CED7E89B7E76}
	EndGlobalSection
EndGlobal
