
Microsoft Visual Studio Solution File, Format Version 12.00
# Visual Studio Version 16
VisualStudioVersion = 16.0.32510.428
MinimumVisualStudioVersion = 10.0.40219.1
Project("{FAE04EC0-301F-11D3-BF4B-00C04F79EFBC}") = "SwapExample", "SwapExample\SwapExample.csproj", "{D8E460B6-6B85-471B-9F75-ABE194D5BA99}"
EndProject
Global
	GlobalSection(SolutionConfigurationPlatforms) = preSolution
		Debug|Any CPU = Debug|Any CPU
		Release|Any CPU = Release|Any CPU
	EndGlobalSection
	GlobalSection(ProjectConfigurationPlatforms) = postSolution
		{D8E460B6-6B85-471B-9F75-ABE194D5BA99}.Debug|Any CPU.ActiveCfg = Debug|Any CPU
		{D8E460B6-6B85-471B-9F75-ABE194D5BA99}.Debug|Any CPU.Build.0 = Debug|Any CPU
		{D8E460B6-6B85-471B-9F75-ABE194D5BA99}.Release|Any CPU.ActiveCfg = Release|Any CPU
		{D8E460B6-6B85-471B-9F75-ABE194D5BA99}.Release|Any CPU.Build.0 = Release|Any CPU
	EndGlobalSection
	GlobalSection(SolutionProperties) = preSolution
		HideSolutionNode = FALSE
	EndGlobalSection
	GlobalSection(ExtensibilityGlobals) = postSolution
		SolutionGuid = {ADA4C5F8-1733-4DE3-916D-6C509184E62B}
	EndGlobalSection
EndGlobal
