
Microsoft Visual Studio Solution File, Format Version 12.00
# Visual Studio Version 16
VisualStudioVersion = 16.0.32510.428
MinimumVisualStudioVersion = 10.0.40219.1
Project("{FAE04EC0-301F-11D3-BF4B-00C04F79EFBC}") = "test case 1", "test case 1\test case 1.csproj", "{D8557A05-4C55-4835-8FBE-036A20820565}"
EndProject
Global
	GlobalSection(SolutionConfigurationPlatforms) = preSolution
		Debug|Any CPU = Debug|Any CPU
		Release|Any CPU = Release|Any CPU
	EndGlobalSection
	GlobalSection(ProjectConfigurationPlatforms) = postSolution
		{D8557A05-4C55-4835-8FBE-036A20820565}.Debug|Any CPU.ActiveCfg = Debug|Any CPU
		{D8557A05-4C55-4835-8FBE-036A20820565}.Debug|Any CPU.Build.0 = Debug|Any CPU
		{D8557A05-4C55-4835-8FBE-036A20820565}.Release|Any CPU.ActiveCfg = Release|Any CPU
		{D8557A05-4C55-4835-8FBE-036A20820565}.Release|Any CPU.Build.0 = Release|Any CPU
	EndGlobalSection
	GlobalSection(SolutionProperties) = preSolution
		HideSolutionNode = FALSE
	EndGlobalSection
	GlobalSection(ExtensibilityGlobals) = postSolution
		SolutionGuid = {C2B35553-FECA-4F02-B2A9-2B8D7C9074AE}
	EndGlobalSection
EndGlobal
